
Microsoft Visual Studio Solution File, Format Version 12.00
# Visual Studio Version 17
VisualStudioVersion = 17.14.36717.8
MinimumVisualStudioVersion = 10.0.40219.1
Project("{FAE04EC0-301F-11D3-BF4B-00C04F79EFBC}") = "personalbeauty", "personalbeauty\personalbeauty.csproj", "{9B45F34C-D851-4E0E-A362-676D9FA74DC2}"
EndProject
Global
	GlobalSection(SolutionConfigurationPlatforms) = preSolution
		Debug|Any CPU = Debug|Any CPU
		Release|Any CPU = Release|Any CPU
	EndGlobalSection
	GlobalSection(ProjectConfigurationPlatforms) = postSolution
		{9B45F34C-D851-4E0E-A362-676D9FA74DC2}.Debug|Any CPU.ActiveCfg = Debug|Any CPU
		{9B45F34C-D851-4E0E-A362-676D9FA74DC2}.Debug|Any CPU.Build.0 = Debug|Any CPU
		{9B45F34C-D851-4E0E-A362-676D9FA74DC2}.Release|Any CPU.ActiveCfg = Release|Any CPU
		{9B45F34C-D851-4E0E-A362-676D9FA74DC2}.Release|Any CPU.Build.0 = Release|Any CPU
	EndGlobalSection
	GlobalSection(SolutionProperties) = preSolution
		HideSolutionNode = FALSE
	EndGlobalSection
	GlobalSection(ExtensibilityGlobals) = postSolution
		SolutionGuid = {3F77160C-1831-4E86-8E78-5FD35A2DF3C2}
	EndGlobalSection
EndGlobal
